
Microsoft Visual Studio Solution File, Format Version 12.00
# Visual Studio Version 16
VisualStudioVersion = 16.0.30804.86
MinimumVisualStudioVersion = 10.0.40219.1
Project("{9A19103F-16F7-4668-BE54-9A1E7A4F7556}") = "MiniGantt", "MiniGantt\MiniGantt.csproj", "{02A15AE3-8B17-40D7-BD07-03F10C0094B1}"
EndProject
Project("{FAE04EC0-301F-11D3-BF4B-00C04F79EFBC}") = "MiniGanttTests", "MiniGanttTests\MiniGanttTests.csproj", "{577029A9-56B7-466A-A539-4DEF20400F2D}"
EndProject
Global
	GlobalSection(SolutionConfigurationPlatforms) = preSolution
		Debug|Any CPU = Debug|Any CPU
		Release|Any CPU = Release|Any CPU
	EndGlobalSection
	GlobalSection(ProjectConfigurationPlatforms) = postSolution
		{02A15AE3-8B17-40D7-BD07-03F10C0094B1}.Debug|Any CPU.ActiveCfg = Debug|Any CPU
		{02A15AE3-8B17-40D7-BD07-03F10C0094B1}.Debug|Any CPU.Build.0 = Debug|Any CPU
		{02A15AE3-8B17-40D7-BD07-03F10C0094B1}.Release|Any CPU.ActiveCfg = Release|Any CPU
		{02A15AE3-8B17-40D7-BD07-03F10C0094B1}.Release|Any CPU.Build.0 = Release|Any CPU
		{577029A9-56B7-466A-A539-4DEF20400F2D}.Debug|Any CPU.ActiveCfg = Debug|Any CPU
		{577029A9-56B7-466A-A539-4DEF20400F2D}.Debug|Any CPU.Build.0 = Debug|Any CPU
		{577029A9-56B7-466A-A539-4DEF20400F2D}.Release|Any CPU.ActiveCfg = Release|Any CPU
		{577029A9-56B7-466A-A539-4DEF20400F2D}.Release|Any CPU.Build.0 = Release|Any CPU
	EndGlobalSection
	GlobalSection(SolutionProperties) = preSolution
		HideSolutionNode = FALSE
	EndGlobalSection
	GlobalSection(ExtensibilityGlobals) = postSolution
		SolutionGuid = {EBE5488A-C321-4C7F-879F-DEC843652EEF}
	EndGlobalSection
EndGlobal
